
Microsoft Visual Studio Solution File, Format Version 12.00
# Visual Studio Version 16
VisualStudioVersion = 16.0.30114.105
MinimumVisualStudioVersion = 10.0.40219.1
Project("{FAE04EC0-301F-11D3-BF4B-00C04F79EFBC}") = "API", "API\API.csproj", "{155E8EDE-1C92-4999-95AC-36FE9DF18FBA}"
EndProject
Project("{FAE04EC0-301F-11D3-BF4B-00C04F79EFBC}") = "Core", "Core\Core.csproj", "{71D75D76-2809-401C-B48A-4A4618868D7D}"
EndProject
Project("{FAE04EC0-301F-11D3-BF4B-00C04F79EFBC}") = "Infrastructure", "Infrastructure\Infrastructure.csproj", "{C27AC8A8-0D16-4FEF-B75E-87E52001674C}"
EndProject
Global
	GlobalSection(SolutionConfigurationPlatforms) = preSolution
		Debug|Any CPU = Debug|Any CPU
		Release|Any CPU = Release|Any CPU
	EndGlobalSection
	GlobalSection(SolutionProperties) = preSolution
		HideSolutionNode = FALSE
	EndGlobalSection
	GlobalSection(ProjectConfigurationPlatforms) = postSolution
		{155E8EDE-1C92-4999-95AC-36FE9DF18FBA}.Debug|Any CPU.ActiveCfg = Debug|Any CPU
		{155E8EDE-1C92-4999-95AC-36FE9DF18FBA}.Debug|Any CPU.Build.0 = Debug|Any CPU
		{155E8EDE-1C92-4999-95AC-36FE9DF18FBA}.Release|Any CPU.ActiveCfg = Release|Any CPU
		{155E8EDE-1C92-4999-95AC-36FE9DF18FBA}.Release|Any CPU.Build.0 = Release|Any CPU
		{71D75D76-2809-401C-B48A-4A4618868D7D}.Debug|Any CPU.ActiveCfg = Debug|Any CPU
		{71D75D76-2809-401C-B48A-4A4618868D7D}.Debug|Any CPU.Build.0 = Debug|Any CPU
		{71D75D76-2809-401C-B48A-4A4618868D7D}.Release|Any CPU.ActiveCfg = Release|Any CPU
		{71D75D76-2809-401C-B48A-4A4618868D7D}.Release|Any CPU.Build.0 = Release|Any CPU
		{C27AC8A8-0D16-4FEF-B75E-87E52001674C}.Debug|Any CPU.ActiveCfg = Debug|Any CPU
		{C27AC8A8-0D16-4FEF-B75E-87E52001674C}.Debug|Any CPU.Build.0 = Debug|Any CPU
		{C27AC8A8-0D16-4FEF-B75E-87E52001674C}.Release|Any CPU.ActiveCfg = Release|Any CPU
		{C27AC8A8-0D16-4FEF-B75E-87E52001674C}.Release|Any CPU.Build.0 = Release|Any CPU
	EndGlobalSection
EndGlobal
